// !$*UTF8*$!
{
	archiveVersion = 1;
	classes = {
	};
	objectVersion = 55;
	objects = {

/* Begin PBXBuildFile section */
		B9ADABB028C6F8AF00C7ADCE /* exercise_1.cpp in Sources */ = {isa = PBXBuildFile; fileRef = B9ADABAE28C6F8AF00C7ADCE /* exercise_1.cpp */; };
		B9ADAE9728C7419100C7ADCE /* exercise_2.cpp in Sources */ = {isa = PBXBuildFile; fileRef = B9ADAE9528C7419100C7ADCE /* exercise_2.cpp */; };
		B9ADAE9B28C7462800C7ADCE /* exercise_3.cpp in Sources */ = {isa = PBXBuildFile; fileRef = B9ADAE9928C7462800C7ADCE /* exercise_3.cpp */; };
		B9ADAE9F28C83D3B00C7ADCE /* exercise_4.cpp in Sources */ = {isa = PBXBuildFile; fileRef = B9ADAE9D28C83D3B00C7ADCE /* exercise_4.cpp */; };
		B9ADAEA628C8936300C7ADCE /* exercise_5.cpp in Sources */ = {isa = PBXBuildFile; fileRef = B9ADAEA428C8936300C7ADCE /* exercise_5.cpp */; };
		B9DE7E3928C6F1B700878C42 /* main.mm in Sources */ = {isa = PBXBuildFile; fileRef = B9DE7E3828C6F1B700878C42 /* main.mm */; };
		B9DE7E4528C6F58400878C42 /* Utils.cpp in Sources */ = {isa = PBXBuildFile; fileRef = B9DE7E4328C6F58400878C42 /* Utils.cpp */; };
/* End PBXBuildFile section */

/* Begin PBXCopyFilesBuildPhase section */
		B9DE7E3328C6F1B700878C42 /* CopyFiles */ = {
			isa = PBXCopyFilesBuildPhase;
			buildActionMask = 2147483647;
			dstPath = /usr/share/man/man1/;
			dstSubfolderSpec = 0;
			files = (
			);
			runOnlyForDeploymentPostprocessing = 1;
		};
/* End PBXCopyFilesBuildPhase section */

/* Begin PBXFileReference section */
		B9ADABAE28C6F8AF00C7ADCE /* exercise_1.cpp */ = {isa = PBXFileReference; lastKnownFileType = sourcecode.cpp.cpp; path = exercise_1.cpp; sourceTree = "<group>"; };
		B9ADABAF28C6F8AF00C7ADCE /* exercise_1.hpp */ = {isa = PBXFileReference; lastKnownFileType = sourcecode.cpp.h; path = exercise_1.hpp; sourceTree = "<group>"; };
		B9ADAE9528C7419100C7ADCE /* exercise_2.cpp */ = {isa = PBXFileReference; lastKnownFileType = sourcecode.cpp.cpp; path = exercise_2.cpp; sourceTree = "<group>"; };
		B9ADAE9628C7419100C7ADCE /* exercise_2.hpp */ = {isa = PBXFileReference; lastKnownFileType = sourcecode.cpp.h; path = exercise_2.hpp; sourceTree = "<group>"; };
		B9ADAE9928C7462800C7ADCE /* exercise_3.cpp */ = {isa = PBXFileReference; lastKnownFileType = sourcecode.cpp.cpp; path = exercise_3.cpp; sourceTree = "<group>"; };
		B9ADAE9A28C7462800C7ADCE /* exercise_3.hpp */ = {isa = PBXFileReference; lastKnownFileType = sourcecode.cpp.h; path = exercise_3.hpp; sourceTree = "<group>"; };
		B9ADAE9D28C83D3B00C7ADCE /* exercise_4.cpp */ = {isa = PBXFileReference; lastKnownFileType = sourcecode.cpp.cpp; path = exercise_4.cpp; sourceTree = "<group>"; };
		B9ADAE9E28C83D3B00C7ADCE /* exercise_4.hpp */ = {isa = PBXFileReference; lastKnownFileType = sourcecode.cpp.h; path = exercise_4.hpp; sourceTree = "<group>"; };
		B9ADAEA428C8936300C7ADCE /* exercise_5.cpp */ = {isa = PBXFileReference; lastKnownFileType = sourcecode.cpp.cpp; path = exercise_5.cpp; sourceTree = "<group>"; };
		B9ADAEA528C8936300C7ADCE /* exercise_5.hpp */ = {isa = PBXFileReference; lastKnownFileType = sourcecode.cpp.h; path = exercise_5.hpp; sourceTree = "<group>"; };
		B9DE7E3528C6F1B700878C42 /* exercise */ = {isa = PBXFileReference; explicitFileType = "compiled.mach-o.executable"; includeInIndex = 0; path = exercise; sourceTree = BUILT_PRODUCTS_DIR; };
		B9DE7E3828C6F1B700878C42 /* main.mm */ = {isa = PBXFileReference; lastKnownFileType = sourcecode.cpp.objcpp; path = main.mm; sourceTree = "<group>"; };
		B9DE7E4328C6F58400878C42 /* Utils.cpp */ = {isa = PBXFileReference; lastKnownFileType = sourcecode.cpp.cpp; path = Utils.cpp; sourceTree = "<group>"; };
		B9DE7E4428C6F58400878C42 /* Utils.hpp */ = {isa = PBXFileReference; lastKnownFileType = sourcecode.cpp.h; path = Utils.hpp; sourceTree = "<group>"; };
/* End PBXFileReference section */

/* Begin PBXFrameworksBuildPhase section */
		B9DE7E3228C6F1B700878C42 /* Frameworks */ = {
			isa = PBXFrameworksBuildPhase;
			buildActionMask = 2147483647;
			files = (
			);
			runOnlyForDeploymentPostprocessing = 0;
		};
/* End PBXFrameworksBuildPhase section */

/* Begin PBXGroup section */
		B9ADAE9428C7416600C7ADCE /* 整数对应二进制1的个数 */ = {
			isa = PBXGroup;
			children = (
				B9ADAE9528C7419100C7ADCE /* exercise_2.cpp */,
				B9ADAE9628C7419100C7ADCE /* exercise_2.hpp */,
			);
			path = "整数对应二进制1的个数";
			sourceTree = "<group>";
		};
		B9ADAE9828C745DC00C7ADCE /* DNA序列 */ = {
			isa = PBXGroup;
			children = (
				B9ADAE9928C7462800C7ADCE /* exercise_3.cpp */,
				B9ADAE9A28C7462800C7ADCE /* exercise_3.hpp */,
			);
			path = "DNA序列";
			sourceTree = "<group>";
		};
		B9ADAE9C28C83D2300C7ADCE /* MP3 */ = {
			isa = PBXGroup;
			children = (
				B9ADAE9D28C83D3B00C7ADCE /* exercise_4.cpp */,
				B9ADAE9E28C83D3B00C7ADCE /* exercise_4.hpp */,
			);
			path = MP3;
			sourceTree = "<group>";
		};
		B9ADAEA028C892D900C7ADCE /* 一般题 */ = {
			isa = PBXGroup;
			children = (
				B9ADAEA328C8934600C7ADCE /* 最后一个单词 */,
				B9ADAE9C28C83D2300C7ADCE /* MP3 */,
			);
			path = "一般题";
			sourceTree = "<group>";
		};
		B9ADAEA128C8930100C7ADCE /* 滑动窗口 */ = {
			isa = PBXGroup;
			children = (
				B9ADAE9828C745DC00C7ADCE /* DNA序列 */,
			);
			path = "滑动窗口";
			sourceTree = "<group>";
		};
		B9ADAEA228C8932800C7ADCE /* 位运算 */ = {
			isa = PBXGroup;
			children = (
				B9ADAE9428C7416600C7ADCE /* 整数对应二进制1的个数 */,
			);
			path = "位运算";
			sourceTree = "<group>";
		};
		B9ADAEA328C8934600C7ADCE /* 最后一个单词 */ = {
			isa = PBXGroup;
			children = (
				B9ADAEA428C8936300C7ADCE /* exercise_5.cpp */,
				B9ADAEA528C8936300C7ADCE /* exercise_5.hpp */,
			);
			path = "最后一个单词";
			sourceTree = "<group>";
		};
		B9DE7E2C28C6F1B700878C42 = {
			isa = PBXGroup;
			children = (
				B9DE7E3728C6F1B700878C42 /* exercise */,
				B9DE7E3628C6F1B700878C42 /* Products */,
			);
			sourceTree = "<group>";
		};
		B9DE7E3628C6F1B700878C42 /* Products */ = {
			isa = PBXGroup;
			children = (
				B9DE7E3528C6F1B700878C42 /* exercise */,
			);
			name = Products;
			sourceTree = "<group>";
		};
		B9DE7E3728C6F1B700878C42 /* exercise */ = {
			isa = PBXGroup;
			children = (
				B9ADAEA228C8932800C7ADCE /* 位运算 */,
				B9ADAEA128C8930100C7ADCE /* 滑动窗口 */,
				B9ADAEA028C892D900C7ADCE /* 一般题 */,
				B9DE7E3828C6F1B700878C42 /* main.mm */,
				B9DE7E4428C6F58400878C42 /* Utils.hpp */,
				B9DE7E4328C6F58400878C42 /* Utils.cpp */,
				B9DE7E3F28C6F43600878C42 /* 动态规划 */,
			);
			path = exercise;
			sourceTree = "<group>";
		};
		B9DE7E3F28C6F43600878C42 /* 动态规划 */ = {
			isa = PBXGroup;
			children = (
				B9DE7E4128C6F4A900878C42 /* 最长升序子序列长度 */,
			);
			path = "动态规划";
			sourceTree = "<group>";
		};
		B9DE7E4128C6F4A900878C42 /* 最长升序子序列长度 */ = {
			isa = PBXGroup;
			children = (
				B9ADABAE28C6F8AF00C7ADCE /* exercise_1.cpp */,
				B9ADABAF28C6F8AF00C7ADCE /* exercise_1.hpp */,
			);
			path = "最长升序子序列长度";
			sourceTree = "<group>";
		};
/* End PBXGroup section */

/* Begin PBXNativeTarget section */
		B9DE7E3428C6F1B700878C42 /* exercise */ = {
			isa = PBXNativeTarget;
			buildConfigurationList = B9DE7E3C28C6F1B700878C42 /* Build configuration list for PBXNativeTarget "exercise" */;
			buildPhases = (
				B9DE7E3128C6F1B700878C42 /* Sources */,
				B9DE7E3228C6F1B700878C42 /* Frameworks */,
				B9DE7E3328C6F1B700878C42 /* CopyFiles */,
			);
			buildRules = (
			);
			dependencies = (
			);
			name = exercise;
			productName = exercise;
			productReference = B9DE7E3528C6F1B700878C42 /* exercise */;
			productType = "com.apple.product-type.tool";
		};
/* End PBXNativeTarget section */

/* Begin PBXProject section */
		B9DE7E2D28C6F1B700878C42 /* Project object */ = {
			isa = PBXProject;
			attributes = {
				BuildIndependentTargetsInParallel = 1;
				LastUpgradeCheck = 1340;
				TargetAttributes = {
					B9DE7E3428C6F1B700878C42 = {
						CreatedOnToolsVersion = 13.4.1;
					};
				};
			};
			buildConfigurationList = B9DE7E3028C6F1B700878C42 /* Build configuration list for PBXProject "exercise" */;
			compatibilityVersion = "Xcode 13.0";
			developmentRegion = en;
			hasScannedForEncodings = 0;
			knownRegions = (
				en,
				Base,
			);
			mainGroup = B9DE7E2C28C6F1B700878C42;
			productRefGroup = B9DE7E3628C6F1B700878C42 /* Products */;
			projectDirPath = "";
			projectRoot = "";
			targets = (
				B9DE7E3428C6F1B700878C42 /* exercise */,
			);
		};
/* End PBXProject section */

/* Begin PBXSourcesBuildPhase section */
		B9DE7E3128C6F1B700878C42 /* Sources */ = {
			isa = PBXSourcesBuildPhase;
			buildActionMask = 2147483647;
			files = (
				B9ADAE9F28C83D3B00C7ADCE /* exercise_4.cpp in Sources */,
				B9ADAEA628C8936300C7ADCE /* exercise_5.cpp in Sources */,
				B9ADAE9B28C7462800C7ADCE /* exercise_3.cpp in Sources */,
				B9ADAE9728C7419100C7ADCE /* exercise_2.cpp in Sources */,
				B9ADABB028C6F8AF00C7ADCE /* exercise_1.cpp in Sources */,
				B9DE7E3928C6F1B700878C42 /* main.mm in Sources */,
				B9DE7E4528C6F58400878C42 /* Utils.cpp in Sources */,
			);
			runOnlyForDeploymentPostprocessing = 0;
		};
/* End PBXSourcesBuildPhase section */

/* Begin XCBuildConfiguration section */
		B9DE7E3A28C6F1B700878C42 /* Debug */ = {
			isa = XCBuildConfiguration;
			buildSettings = {
				ALWAYS_SEARCH_USER_PATHS = NO;
				CLANG_ANALYZER_NONNULL = YES;
				CLANG_ANALYZER_NUMBER_OBJECT_CONVERSION = YES_AGGRESSIVE;
				CLANG_CXX_LANGUAGE_STANDARD = "gnu++17";
				CLANG_ENABLE_MODULES = YES;
				CLANG_ENABLE_OBJC_ARC = YES;
				CLANG_ENABLE_OBJC_WEAK = YES;
				CLANG_WARN_BLOCK_CAPTURE_AUTORELEASING = YES;
				CLANG_WARN_BOOL_CONVERSION = YES;
				CLANG_WARN_COMMA = YES;
				CLANG_WARN_CONSTANT_CONVERSION = YES;
				CLANG_WARN_DEPRECATED_OBJC_IMPLEMENTATIONS = YES;
				CLANG_WARN_DIRECT_OBJC_ISA_USAGE = YES_ERROR;
				CLANG_WARN_DOCUMENTATION_COMMENTS = YES;
				CLANG_WARN_EMPTY_BODY = YES;
				CLANG_WARN_ENUM_CONVERSION = YES;
				CLANG_WARN_INFINITE_RECURSION = YES;
				CLANG_WARN_INT_CONVERSION = YES;
				CLANG_WARN_NON_LITERAL_NULL_CONVERSION = YES;
				CLANG_WARN_OBJC_IMPLICIT_RETAIN_SELF = YES;
				CLANG_WARN_OBJC_LITERAL_CONVERSION = YES;
				CLANG_WARN_OBJC_ROOT_CLASS = YES_ERROR;
				CLANG_WARN_QUOTED_INCLUDE_IN_FRAMEWORK_HEADER = YES;
				CLANG_WARN_RANGE_LOOP_ANALYSIS = YES;
				CLANG_WARN_STRICT_PROTOTYPES = YES;
				CLANG_WARN_SUSPICIOUS_MOVE = YES;
				CLANG_WARN_UNGUARDED_AVAILABILITY = YES_AGGRESSIVE;
				CLANG_WARN_UNREACHABLE_CODE = YES;
				CLANG_WARN__DUPLICATE_METHOD_MATCH = YES;
				COPY_PHASE_STRIP = NO;
				DEBUG_INFORMATION_FORMAT = dwarf;
				ENABLE_STRICT_OBJC_MSGSEND = YES;
				ENABLE_TESTABILITY = YES;
				GCC_C_LANGUAGE_STANDARD = gnu11;
				GCC_DYNAMIC_NO_PIC = NO;
				GCC_NO_COMMON_BLOCKS = YES;
				GCC_OPTIMIZATION_LEVEL = 0;
				GCC_PREPROCESSOR_DEFINITIONS = (
					"DEBUG=1",
					"$(inherited)",
				);
				GCC_WARN_64_TO_32_BIT_CONVERSION = YES;
				GCC_WARN_ABOUT_RETURN_TYPE = YES_ERROR;
				GCC_WARN_UNDECLARED_SELECTOR = YES;
				GCC_WARN_UNINITIALIZED_AUTOS = YES_AGGRESSIVE;
				GCC_WARN_UNUSED_FUNCTION = YES;
				GCC_WARN_UNUSED_VARIABLE = YES;
				MACOSX_DEPLOYMENT_TARGET = 12.3;
				MTL_ENABLE_DEBUG_INFO = INCLUDE_SOURCE;
				MTL_FAST_MATH = YES;
				ONLY_ACTIVE_ARCH = YES;
				SDKROOT = macosx;
			};
			name = Debug;
		};
		B9DE7E3B28C6F1B700878C42 /* Release */ = {
			isa = XCBuildConfiguration;
			buildSettings = {
				ALWAYS_SEARCH_USER_PATHS = NO;
				CLANG_ANALYZER_NONNULL = YES;
				CLANG_ANALYZER_NUMBER_OBJECT_CONVERSION = YES_AGGRESSIVE;
				CLANG_CXX_LANGUAGE_STANDARD = "gnu++17";
				CLANG_ENABLE_MODULES = YES;
				CLANG_ENABLE_OBJC_ARC = YES;
				CLANG_ENABLE_OBJC_WEAK = YES;
				CLANG_WARN_BLOCK_CAPTURE_AUTORELEASING = YES;
				CLANG_WARN_BOOL_CONVERSION = YES;
				CLANG_WARN_COMMA = YES;
				CLANG_WARN_CONSTANT_CONVERSION = YES;
				CLANG_WARN_DEPRECATED_OBJC_IMPLEMENTATIONS = YES;
				CLANG_WARN_DIRECT_OBJC_ISA_USAGE = YES_ERROR;
				CLANG_WARN_DOCUMENTATION_COMMENTS = YES;
				CLANG_WARN_EMPTY_BODY = YES;
				CLANG_WARN_ENUM_CONVERSION = YES;
				CLANG_WARN_INFINITE_RECURSION = YES;
				CLANG_WARN_INT_CONVERSION = YES;
				CLANG_WARN_NON_LITERAL_NULL_CONVERSION = YES;
				CLANG_WARN_OBJC_IMPLICIT_RETAIN_SELF = YES;
				CLANG_WARN_OBJC_LITERAL_CONVERSION = YES;
				CLANG_WARN_OBJC_ROOT_CLASS = YES_ERROR;
				CLANG_WARN_QUOTED_INCLUDE_IN_FRAMEWORK_HEADER = YES;
				CLANG_WARN_RANGE_LOOP_ANALYSIS = YES;
				CLANG_WARN_STRICT_PROTOTYPES = YES;
				CLANG_WARN_SUSPICIOUS_MOVE = YES;
				CLANG_WARN_UNGUARDED_AVAILABILITY = YES_AGGRESSIVE;
				CLANG_WARN_UNREACHABLE_CODE = YES;
				CLANG_WARN__DUPLICATE_METHOD_MATCH = YES;
				COPY_PHASE_STRIP = NO;
				DEBUG_INFORMATION_FORMAT = "dwarf-with-dsym";
				ENABLE_NS_ASSERTIONS = NO;
				ENABLE_STRICT_OBJC_MSGSEND = YES;
				GCC_C_LANGUAGE_STANDARD = gnu11;
				GCC_NO_COMMON_BLOCKS = YES;
				GCC_WARN_64_TO_32_BIT_CONVERSION = YES;
				GCC_WARN_ABOUT_RETURN_TYPE = YES_ERROR;
				GCC_WARN_UNDECLARED_SELECTOR = YES;
				GCC_WARN_UNINITIALIZED_AUTOS = YES_AGGRESSIVE;
				GCC_WARN_UNUSED_FUNCTION = YES;
				GCC_WARN_UNUSED_VARIABLE = YES;
				MACOSX_DEPLOYMENT_TARGET = 12.3;
				MTL_ENABLE_DEBUG_INFO = NO;
				MTL_FAST_MATH = YES;
				SDKROOT = macosx;
			};
			name = Release;
		};
		B9DE7E3D28C6F1B700878C42 /* Debug */ = {
			isa = XCBuildConfiguration;
			buildSettings = {
				CODE_SIGN_STYLE = Automatic;
				DEVELOPMENT_TEAM = 2B8HBMZJ8Q;
				ENABLE_HARDENED_RUNTIME = YES;
				PRODUCT_NAME = "$(TARGET_NAME)";
			};
			name = Debug;
		};
		B9DE7E3E28C6F1B700878C42 /* Release */ = {
			isa = XCBuildConfiguration;
			buildSettings = {
				CODE_SIGN_STYLE = Automatic;
				DEVELOPMENT_TEAM = 2B8HBMZJ8Q;
				ENABLE_HARDENED_RUNTIME = YES;
				PRODUCT_NAME = "$(TARGET_NAME)";
			};
			name = Release;
		};
/* End XCBuildConfiguration section */

/* Begin XCConfigurationList section */
		B9DE7E3028C6F1B700878C42 /* Build configuration list for PBXProject "exercise" */ = {
			isa = XCConfigurationList;
			buildConfigurations = (
				B9DE7E3A28C6F1B700878C42 /* Debug */,
				B9DE7E3B28C6F1B700878C42 /* Release */,
			);
			defaultConfigurationIsVisible = 0;
			defaultConfigurationName = Release;
		};
		B9DE7E3C28C6F1B700878C42 /* Build configuration list for PBXNativeTarget "exercise" */ = {
			isa = XCConfigurationList;
			buildConfigurations = (
				B9DE7E3D28C6F1B700878C42 /* Debug */,
				B9DE7E3E28C6F1B700878C42 /* Release */,
			);
			defaultConfigurationIsVisible = 0;
			defaultConfigurationName = Release;
		};
/* End XCConfigurationList section */
	};
	rootObject = B9DE7E2D28C6F1B700878C42 /* Project object */;
}
